
Microsoft Visual Studio Solution File, Format Version 12.00
# Visual Studio 15
VisualStudioVersion = 15.0.28307.757
MinimumVisualStudioVersion = 10.0.40219.1
Project("{FAE04EC0-301F-11D3-BF4B-00C04F79EFBC}") = "Bookingtek.Console", "Bookingtek.Console\Bookingtek.Console.csproj", "{5F7AFCE5-10A6-493C-9952-8F51DE8633C8}"
EndProject
Project("{FAE04EC0-301F-11D3-BF4B-00C04F79EFBC}") = "Bookingtek.Core", "Bookingtek.Core\Bookingtek.Core.csproj", "{67570DCB-0519-4768-97EF-CE80D7510705}"
EndProject
Global
	GlobalSection(SolutionConfigurationPlatforms) = preSolution
		Debug|Any CPU = Debug|Any CPU
		Release|Any CPU = Release|Any CPU
	EndGlobalSection
	GlobalSection(ProjectConfigurationPlatforms) = postSolution
		{5F7AFCE5-10A6-493C-9952-8F51DE8633C8}.Debug|Any CPU.ActiveCfg = Debug|Any CPU
		{5F7AFCE5-10A6-493C-9952-8F51DE8633C8}.Debug|Any CPU.Build.0 = Debug|Any CPU
		{5F7AFCE5-10A6-493C-9952-8F51DE8633C8}.Release|Any CPU.ActiveCfg = Release|Any CPU
		{5F7AFCE5-10A6-493C-9952-8F51DE8633C8}.Release|Any CPU.Build.0 = Release|Any CPU
		{67570DCB-0519-4768-97EF-CE80D7510705}.Debug|Any CPU.ActiveCfg = Debug|Any CPU
		{67570DCB-0519-4768-97EF-CE80D7510705}.Debug|Any CPU.Build.0 = Debug|Any CPU
		{67570DCB-0519-4768-97EF-CE80D7510705}.Release|Any CPU.ActiveCfg = Release|Any CPU
		{67570DCB-0519-4768-97EF-CE80D7510705}.Release|Any CPU.Build.0 = Release|Any CPU
	EndGlobalSection
	GlobalSection(SolutionProperties) = preSolution
		HideSolutionNode = FALSE
	EndGlobalSection
	GlobalSection(ExtensibilityGlobals) = postSolution
		SolutionGuid = {709397A0-89F0-4F1B-AEEB-78EECBEFDA07}
	EndGlobalSection
EndGlobal
